
Microsoft Visual Studio Solution File, Format Version 12.00
# Visual Studio Version 16
VisualStudioVersion = 16.0.30711.63
MinimumVisualStudioVersion = 10.0.40219.1
Project("{2150E333-8FDC-42A3-9474-1A3956D46DE8}") = "src", "src", "{FFB6BE87-4C6F-40E4-A1E4-4F9000CDCC1A}"
EndProject
Project("{2150E333-8FDC-42A3-9474-1A3956D46DE8}") = "docs", "docs", "{4297039A-A65D-4F7D-B879-6FE9668EBA61}"
EndProject
Project("{2150E333-8FDC-42A3-9474-1A3956D46DE8}") = "tests", "tests", "{E2174153-3E1A-4381-B63F-FDF1A45BBC81}"
EndProject
Project("{2150E333-8FDC-42A3-9474-1A3956D46DE8}") = "front", "front", "{B2AD0530-6694-49B9-ACFE-9BF17218A080}"
EndProject
Project("{2150E333-8FDC-42A3-9474-1A3956D46DE8}") = "modules", "modules", "{E914AB87-645D-4D8C-9FCC-C249E399CB73}"
EndProject
Project("{9A19103F-16F7-4668-BE54-9A1E7A4F7556}") = "Momentum.Api", "src\front\Momentum.Api\Momentum.Api.csproj", "{38000E84-9572-46F4-9A26-D5C6519B1FD4}"
EndProject
Project("{2150E333-8FDC-42A3-9474-1A3956D46DE8}") = "admin", "admin", "{69554F76-DCFC-460B-9B72-5CCB378BB465}"
EndProject
Project("{2150E333-8FDC-42A3-9474-1A3956D46DE8}") = "auth", "auth", "{B19EA272-C101-4261-B695-F2FE2073F6BC}"
EndProject
Project("{2150E333-8FDC-42A3-9474-1A3956D46DE8}") = "maps", "maps", "{EA2A3AF8-600E-4CC5-B524-C8245613A34E}"
EndProject
Project("{2150E333-8FDC-42A3-9474-1A3956D46DE8}") = "notifications", "notifications", "{99609FA6-832E-4230-95C8-226429D5B24C}"
EndProject
Project("{2150E333-8FDC-42A3-9474-1A3956D46DE8}") = "reports", "reports", "{D9FCF6BC-29EA-4032-8B6B-80084DF6D500}"
EndProject
Project("{2150E333-8FDC-42A3-9474-1A3956D46DE8}") = "runs", "runs", "{F2962F1E-134C-4997-A753-26C1B8A50356}"
EndProject
Project("{2150E333-8FDC-42A3-9474-1A3956D46DE8}") = "stats", "stats", "{651B3017-100D-4637-BD2D-419D1BB2B5B5}"
EndProject
Project("{2150E333-8FDC-42A3-9474-1A3956D46DE8}") = "users", "users", "{10C0B0F4-F258-4A69-A9CA-DC9F0229DBE5}"
EndProject
Project("{2150E333-8FDC-42A3-9474-1A3956D46DE8}") = "activities", "activities", "{DCF10A87-05D4-4518-87E5-989D20F05BB7}"
EndProject
Project("{9A19103F-16F7-4668-BE54-9A1E7A4F7556}") = "Momentum.Activities.Api", "src\modules\activities\Momentum.Activities.Api\Momentum.Activities.Api.csproj", "{D27EDAC9-BC2D-48CB-80CB-7830565CABE1}"
EndProject
Project("{9A19103F-16F7-4668-BE54-9A1E7A4F7556}") = "Momentum.Maps.Api", "src\modules\maps\Momentum.Maps.Api\Momentum.Maps.Api.csproj", "{2CCD3DDC-E7A0-4220-B8B2-479C5BCB20F2}"
EndProject
Project("{9A19103F-16F7-4668-BE54-9A1E7A4F7556}") = "Momentum.Reports.Api", "src\modules\reports\Momentum.Reports.Api\Momentum.Reports.Api.csproj", "{FD654604-5F60-4EF1-BD22-04DDFC77F96A}"
EndProject
Project("{9A19103F-16F7-4668-BE54-9A1E7A4F7556}") = "Momentum.Runs.Api", "src\modules\runs\Momentum.Runs.Api\Momentum.Runs.Api.csproj", "{A4171CB0-9DD4-4D16-B73C-7C232B30D50C}"
EndProject
Project("{9A19103F-16F7-4668-BE54-9A1E7A4F7556}") = "Momentum.Stats.Api", "src\modules\stats\Momentum.Stats.Api\Momentum.Stats.Api.csproj", "{B53531F8-93C9-4065-A8A3-DD20A1F8847B}"
EndProject
Project("{9A19103F-16F7-4668-BE54-9A1E7A4F7556}") = "Momentum.Activities.Application", "src\modules\activities\Momentum.Activities.Application\Momentum.Activities.Application.csproj", "{2C832214-C05D-445B-AD9E-087D74686821}"
EndProject
Project("{9A19103F-16F7-4668-BE54-9A1E7A4F7556}") = "Momentum.Activities.Core", "src\modules\activities\Momentum.Activities.Core\Momentum.Activities.Core.csproj", "{459EE01D-31D0-495C-AD60-4C9C958DE630}"
EndProject
Project("{9A19103F-16F7-4668-BE54-9A1E7A4F7556}") = "Momentum.Activities.Infrastructure", "src\modules\activities\Momentum.Activities.Infrastructure\Momentum.Activities.Infrastructure.csproj", "{9B19B738-315E-4EAE-A0D0-A190D3FC1F82}"
EndProject
Project("{2150E333-8FDC-42A3-9474-1A3956D46DE8}") = "framework", "framework", "{6B6B1F1B-5D40-4F5C-AEE9-672ECE9F06CD}"
EndProject
Project("{9A19103F-16F7-4668-BE54-9A1E7A4F7556}") = "Momentum.Framework.Core", "src\framework\Momentum.Framework.Core\Momentum.Framework.Core.csproj", "{C35273D7-6863-4E9E-9527-4813BEEE959E}"
EndProject
Project("{9A19103F-16F7-4668-BE54-9A1E7A4F7556}") = "Momentum.Users.Application", "src\modules\users\Momentum.Users.Application\Momentum.Users.Application.csproj", "{68E79832-BA3E-462D-9312-EC4952EFC0A5}"
EndProject
Project("{9A19103F-16F7-4668-BE54-9A1E7A4F7556}") = "Momentum.Users.Core", "src\modules\users\Momentum.Users.Core\Momentum.Users.Core.csproj", "{581C71B3-1A53-4A62-BC92-A313BD830C98}"
EndProject
Project("{9A19103F-16F7-4668-BE54-9A1E7A4F7556}") = "Momentum.Users.Api", "src\modules\users\Momentum.Users.Api\Momentum.Users.Api.csproj", "{D9BA1FC0-0F9E-487A-93CE-8032F8F8D8E1}"
EndProject
Project("{9A19103F-16F7-4668-BE54-9A1E7A4F7556}") = "Momentum.Auth.Api", "src\modules\auth\Momentum.Auth.Api\Momentum.Auth.Api.csproj", "{93D00418-F0A3-4B92-A8DA-17007A0CF4EC}"
EndProject
Project("{9A19103F-16F7-4668-BE54-9A1E7A4F7556}") = "Momentum.Auth.Application", "src\modules\auth\Momentum.Auth.Application\Momentum.Auth.Application.csproj", "{EBF3C778-F5EE-4594-B3DF-0364F36208FF}"
EndProject
Project("{9A19103F-16F7-4668-BE54-9A1E7A4F7556}") = "Momentum.Auth.Core", "src\modules\auth\Momentum.Auth.Core\Momentum.Auth.Core.csproj", "{753FF5B4-EDDA-430C-96B1-C9DBE603406A}"
EndProject
Project("{9A19103F-16F7-4668-BE54-9A1E7A4F7556}") = "Momentum.Auth.Infrastructure", "src\modules\auth\Momentum.Auth.Infrastructure\Momentum.Auth.Infrastructure.csproj", "{F2343976-E1E8-4122-8967-78E2F68407E0}"
EndProject
Project("{9A19103F-16F7-4668-BE54-9A1E7A4F7556}") = "Momentum.Admin.Api", "src\modules\admin\Momentum.Admin.Api\Momentum.Admin.Api.csproj", "{233613CA-E6BB-46B2-8430-4B86777F87C8}"
EndProject
Project("{9A19103F-16F7-4668-BE54-9A1E7A4F7556}") = "Momentum.Admin.Application", "src\modules\admin\Momentum.Admin.Application\Momentum.Admin.Application.csproj", "{30ADF7E6-96B5-4BBF-9322-28FA0D0FBA10}"
EndProject
Project("{9A19103F-16F7-4668-BE54-9A1E7A4F7556}") = "Momentum.Admin.Core", "src\modules\admin\Momentum.Admin.Core\Momentum.Admin.Core.csproj", "{267A1A76-275C-46AA-B4F7-A042E97491CD}"
EndProject
Project("{9A19103F-16F7-4668-BE54-9A1E7A4F7556}") = "Momentum.Admin.Infrastructure", "src\modules\admin\Momentum.Admin.Infrastructure\Momentum.Admin.Infrastructure.csproj", "{A34FA180-D973-45A3-9747-039D8F46E4C5}"
EndProject
Project("{9A19103F-16F7-4668-BE54-9A1E7A4F7556}") = "Momentum.Maps.Application", "src\modules\maps\Momentum.Maps.Application\Momentum.Maps.Application.csproj", "{D3C2E8D7-E158-4B7E-A66F-1E45B1AD6AF8}"
EndProject
Project("{9A19103F-16F7-4668-BE54-9A1E7A4F7556}") = "Momentum.Maps.Core", "src\modules\maps\Momentum.Maps.Core\Momentum.Maps.Core.csproj", "{0D9A6ECE-17BB-48AA-8B67-60CFDEA97711}"
EndProject
Project("{9A19103F-16F7-4668-BE54-9A1E7A4F7556}") = "Momentum.Maps.Infrastructure", "src\modules\maps\Momentum.Maps.Infrastructure\Momentum.Maps.Infrastructure.csproj", "{A44BB552-C93E-40DA-A1DB-E59956ED02A1}"
EndProject
Project("{9A19103F-16F7-4668-BE54-9A1E7A4F7556}") = "Momentum.Notifications.Api", "src\modules\notifications\Momentum.Notifications.Api\Momentum.Notifications.Api.csproj", "{7F6F872C-7560-46C7-AC58-87C5E262BF3A}"
EndProject
Project("{9A19103F-16F7-4668-BE54-9A1E7A4F7556}") = "Momentum.Notifications.Application", "src\modules\notifications\Momentum.Notifications.Application\Momentum.Notifications.Application.csproj", "{67C99DB9-97EF-4DA5-8869-4AD732A7C8FF}"
EndProject
Project("{9A19103F-16F7-4668-BE54-9A1E7A4F7556}") = "Momentum.Notifications.Core", "src\modules\notifications\Momentum.Notifications.Core\Momentum.Notifications.Core.csproj", "{9710A71A-2457-48DC-AFA8-C7BA9014E0B9}"
EndProject
Project("{9A19103F-16F7-4668-BE54-9A1E7A4F7556}") = "Momentum.Notifications.Infrastructure", "src\modules\notifications\Momentum.Notifications.Infrastructure\Momentum.Notifications.Infrastructure.csproj", "{E370407F-03C3-4262-98A2-E974B0D09506}"
EndProject
Project("{9A19103F-16F7-4668-BE54-9A1E7A4F7556}") = "Momentum.Reports.Applications", "src\modules\reports\Momentum.Reports.Applications\Momentum.Reports.Applications.csproj", "{9A03B001-E2C3-4F9B-8DBD-48E3BCC6E25A}"
EndProject
Project("{9A19103F-16F7-4668-BE54-9A1E7A4F7556}") = "Momentum.Reports.Core", "src\modules\reports\Momentum.Reports.Core\Momentum.Reports.Core.csproj", "{3AB17212-D971-4A4F-A3DA-126D83A6A34C}"
EndProject
Project("{9A19103F-16F7-4668-BE54-9A1E7A4F7556}") = "Momentum.Reports.Infrastructure", "src\modules\reports\Momentum.Reports.Infrastructure\Momentum.Reports.Infrastructure.csproj", "{08E6F21C-7E05-4C9C-A888-D5C591D6BAA3}"
EndProject
Project("{9A19103F-16F7-4668-BE54-9A1E7A4F7556}") = "Momentum.Runs.Application", "src\modules\runs\Momentum.Runs.Application\Momentum.Runs.Application.csproj", "{A3063881-76A6-4749-8ADF-25ED55BCA89D}"
EndProject
Project("{9A19103F-16F7-4668-BE54-9A1E7A4F7556}") = "Momentum.Runs.Core", "src\modules\runs\Momentum.Runs.Core\Momentum.Runs.Core.csproj", "{AED0B331-4E68-49E7-856A-23BD578B7DA7}"
EndProject
Project("{9A19103F-16F7-4668-BE54-9A1E7A4F7556}") = "Momentum.Runs.Infrastructure", "src\modules\runs\Momentum.Runs.Infrastructure\Momentum.Runs.Infrastructure.csproj", "{55F4DA66-9462-41A5-9AFE-B6B669A5647E}"
EndProject
Project("{9A19103F-16F7-4668-BE54-9A1E7A4F7556}") = "Momentum.Stats.Application", "src\modules\stats\Momentum.Stats.Application\Momentum.Stats.Application.csproj", "{7E79987C-0877-46F9-AA39-114F232793DF}"
EndProject
Project("{9A19103F-16F7-4668-BE54-9A1E7A4F7556}") = "Momentum.Stats.Core", "src\modules\stats\Momentum.Stats.Core\Momentum.Stats.Core.csproj", "{03F11B6E-24F6-42AF-8CA5-BE013524AD79}"
EndProject
Project("{9A19103F-16F7-4668-BE54-9A1E7A4F7556}") = "Momentum.Stats.Infrastructure", "src\modules\stats\Momentum.Stats.Infrastructure\Momentum.Stats.Infrastructure.csproj", "{1CD827A4-98F8-4439-A8E5-AE36EF4F4AA0}"
EndProject
Project("{FAE04EC0-301F-11D3-BF4B-00C04F79EFBC}") = "Momentum.Auth.Services.Steam", "src\modules\Auth\Momentum.Auth.Services.Steam\Momentum.Auth.Services.Steam.csproj", "{62747C8A-19CC-42AB-9AAC-7D8C62FB4A32}"
EndProject
Global
	GlobalSection(SolutionConfigurationPlatforms) = preSolution
		Debug|Any CPU = Debug|Any CPU
		Release|Any CPU = Release|Any CPU
	EndGlobalSection
	GlobalSection(ProjectConfigurationPlatforms) = postSolution
		{38000E84-9572-46F4-9A26-D5C6519B1FD4}.Debug|Any CPU.ActiveCfg = Debug|Any CPU
		{38000E84-9572-46F4-9A26-D5C6519B1FD4}.Debug|Any CPU.Build.0 = Debug|Any CPU
		{38000E84-9572-46F4-9A26-D5C6519B1FD4}.Release|Any CPU.ActiveCfg = Release|Any CPU
		{38000E84-9572-46F4-9A26-D5C6519B1FD4}.Release|Any CPU.Build.0 = Release|Any CPU
		{D27EDAC9-BC2D-48CB-80CB-7830565CABE1}.Debug|Any CPU.ActiveCfg = Debug|Any CPU
		{D27EDAC9-BC2D-48CB-80CB-7830565CABE1}.Debug|Any CPU.Build.0 = Debug|Any CPU
		{D27EDAC9-BC2D-48CB-80CB-7830565CABE1}.Release|Any CPU.ActiveCfg = Release|Any CPU
		{D27EDAC9-BC2D-48CB-80CB-7830565CABE1}.Release|Any CPU.Build.0 = Release|Any CPU
		{2CCD3DDC-E7A0-4220-B8B2-479C5BCB20F2}.Debug|Any CPU.ActiveCfg = Debug|Any CPU
		{2CCD3DDC-E7A0-4220-B8B2-479C5BCB20F2}.Debug|Any CPU.Build.0 = Debug|Any CPU
		{2CCD3DDC-E7A0-4220-B8B2-479C5BCB20F2}.Release|Any CPU.ActiveCfg = Release|Any CPU
		{2CCD3DDC-E7A0-4220-B8B2-479C5BCB20F2}.Release|Any CPU.Build.0 = Release|Any CPU
		{FD654604-5F60-4EF1-BD22-04DDFC77F96A}.Debug|Any CPU.ActiveCfg = Debug|Any CPU
		{FD654604-5F60-4EF1-BD22-04DDFC77F96A}.Debug|Any CPU.Build.0 = Debug|Any CPU
		{FD654604-5F60-4EF1-BD22-04DDFC77F96A}.Release|Any CPU.ActiveCfg = Release|Any CPU
		{FD654604-5F60-4EF1-BD22-04DDFC77F96A}.Release|Any CPU.Build.0 = Release|Any CPU
		{A4171CB0-9DD4-4D16-B73C-7C232B30D50C}.Debug|Any CPU.ActiveCfg = Debug|Any CPU
		{A4171CB0-9DD4-4D16-B73C-7C232B30D50C}.Debug|Any CPU.Build.0 = Debug|Any CPU
		{A4171CB0-9DD4-4D16-B73C-7C232B30D50C}.Release|Any CPU.ActiveCfg = Release|Any CPU
		{A4171CB0-9DD4-4D16-B73C-7C232B30D50C}.Release|Any CPU.Build.0 = Release|Any CPU
		{B53531F8-93C9-4065-A8A3-DD20A1F8847B}.Debug|Any CPU.ActiveCfg = Debug|Any CPU
		{B53531F8-93C9-4065-A8A3-DD20A1F8847B}.Debug|Any CPU.Build.0 = Debug|Any CPU
		{B53531F8-93C9-4065-A8A3-DD20A1F8847B}.Release|Any CPU.ActiveCfg = Release|Any CPU
		{B53531F8-93C9-4065-A8A3-DD20A1F8847B}.Release|Any CPU.Build.0 = Release|Any CPU
		{2C832214-C05D-445B-AD9E-087D74686821}.Debug|Any CPU.ActiveCfg = Debug|Any CPU
		{2C832214-C05D-445B-AD9E-087D74686821}.Debug|Any CPU.Build.0 = Debug|Any CPU
		{2C832214-C05D-445B-AD9E-087D74686821}.Release|Any CPU.ActiveCfg = Release|Any CPU
		{2C832214-C05D-445B-AD9E-087D74686821}.Release|Any CPU.Build.0 = Release|Any CPU
		{459EE01D-31D0-495C-AD60-4C9C958DE630}.Debug|Any CPU.ActiveCfg = Debug|Any CPU
		{459EE01D-31D0-495C-AD60-4C9C958DE630}.Debug|Any CPU.Build.0 = Debug|Any CPU
		{459EE01D-31D0-495C-AD60-4C9C958DE630}.Release|Any CPU.ActiveCfg = Release|Any CPU
		{459EE01D-31D0-495C-AD60-4C9C958DE630}.Release|Any CPU.Build.0 = Release|Any CPU
		{9B19B738-315E-4EAE-A0D0-A190D3FC1F82}.Debug|Any CPU.ActiveCfg = Debug|Any CPU
		{9B19B738-315E-4EAE-A0D0-A190D3FC1F82}.Debug|Any CPU.Build.0 = Debug|Any CPU
		{9B19B738-315E-4EAE-A0D0-A190D3FC1F82}.Release|Any CPU.ActiveCfg = Release|Any CPU
		{9B19B738-315E-4EAE-A0D0-A190D3FC1F82}.Release|Any CPU.Build.0 = Release|Any CPU
		{C35273D7-6863-4E9E-9527-4813BEEE959E}.Debug|Any CPU.ActiveCfg = Debug|Any CPU
		{C35273D7-6863-4E9E-9527-4813BEEE959E}.Debug|Any CPU.Build.0 = Debug|Any CPU
		{C35273D7-6863-4E9E-9527-4813BEEE959E}.Release|Any CPU.ActiveCfg = Release|Any CPU
		{C35273D7-6863-4E9E-9527-4813BEEE959E}.Release|Any CPU.Build.0 = Release|Any CPU
		{68E79832-BA3E-462D-9312-EC4952EFC0A5}.Debug|Any CPU.ActiveCfg = Debug|Any CPU
		{68E79832-BA3E-462D-9312-EC4952EFC0A5}.Debug|Any CPU.Build.0 = Debug|Any CPU
		{68E79832-BA3E-462D-9312-EC4952EFC0A5}.Release|Any CPU.ActiveCfg = Release|Any CPU
		{68E79832-BA3E-462D-9312-EC4952EFC0A5}.Release|Any CPU.Build.0 = Release|Any CPU
		{581C71B3-1A53-4A62-BC92-A313BD830C98}.Debug|Any CPU.ActiveCfg = Debug|Any CPU
		{581C71B3-1A53-4A62-BC92-A313BD830C98}.Debug|Any CPU.Build.0 = Debug|Any CPU
		{581C71B3-1A53-4A62-BC92-A313BD830C98}.Release|Any CPU.ActiveCfg = Release|Any CPU
		{581C71B3-1A53-4A62-BC92-A313BD830C98}.Release|Any CPU.Build.0 = Release|Any CPU
		{D9BA1FC0-0F9E-487A-93CE-8032F8F8D8E1}.Debug|Any CPU.ActiveCfg = Debug|Any CPU
		{D9BA1FC0-0F9E-487A-93CE-8032F8F8D8E1}.Debug|Any CPU.Build.0 = Debug|Any CPU
		{D9BA1FC0-0F9E-487A-93CE-8032F8F8D8E1}.Release|Any CPU.ActiveCfg = Release|Any CPU
		{D9BA1FC0-0F9E-487A-93CE-8032F8F8D8E1}.Release|Any CPU.Build.0 = Release|Any CPU
		{93D00418-F0A3-4B92-A8DA-17007A0CF4EC}.Debug|Any CPU.ActiveCfg = Debug|Any CPU
		{93D00418-F0A3-4B92-A8DA-17007A0CF4EC}.Debug|Any CPU.Build.0 = Debug|Any CPU
		{93D00418-F0A3-4B92-A8DA-17007A0CF4EC}.Release|Any CPU.ActiveCfg = Release|Any CPU
		{93D00418-F0A3-4B92-A8DA-17007A0CF4EC}.Release|Any CPU.Build.0 = Release|Any CPU
		{EBF3C778-F5EE-4594-B3DF-0364F36208FF}.Debug|Any CPU.ActiveCfg = Debug|Any CPU
		{EBF3C778-F5EE-4594-B3DF-0364F36208FF}.Debug|Any CPU.Build.0 = Debug|Any CPU
		{EBF3C778-F5EE-4594-B3DF-0364F36208FF}.Release|Any CPU.ActiveCfg = Release|Any CPU
		{EBF3C778-F5EE-4594-B3DF-0364F36208FF}.Release|Any CPU.Build.0 = Release|Any CPU
		{753FF5B4-EDDA-430C-96B1-C9DBE603406A}.Debug|Any CPU.ActiveCfg = Debug|Any CPU
		{753FF5B4-EDDA-430C-96B1-C9DBE603406A}.Debug|Any CPU.Build.0 = Debug|Any CPU
		{753FF5B4-EDDA-430C-96B1-C9DBE603406A}.Release|Any CPU.ActiveCfg = Release|Any CPU
		{753FF5B4-EDDA-430C-96B1-C9DBE603406A}.Release|Any CPU.Build.0 = Release|Any CPU
		{F2343976-E1E8-4122-8967-78E2F68407E0}.Debug|Any CPU.ActiveCfg = Debug|Any CPU
		{F2343976-E1E8-4122-8967-78E2F68407E0}.Debug|Any CPU.Build.0 = Debug|Any CPU
		{F2343976-E1E8-4122-8967-78E2F68407E0}.Release|Any CPU.ActiveCfg = Release|Any CPU
		{F2343976-E1E8-4122-8967-78E2F68407E0}.Release|Any CPU.Build.0 = Release|Any CPU
		{233613CA-E6BB-46B2-8430-4B86777F87C8}.Debug|Any CPU.ActiveCfg = Debug|Any CPU
		{233613CA-E6BB-46B2-8430-4B86777F87C8}.Debug|Any CPU.Build.0 = Debug|Any CPU
		{233613CA-E6BB-46B2-8430-4B86777F87C8}.Release|Any CPU.ActiveCfg = Release|Any CPU
		{233613CA-E6BB-46B2-8430-4B86777F87C8}.Release|Any CPU.Build.0 = Release|Any CPU
		{30ADF7E6-96B5-4BBF-9322-28FA0D0FBA10}.Debug|Any CPU.ActiveCfg = Debug|Any CPU
		{30ADF7E6-96B5-4BBF-9322-28FA0D0FBA10}.Debug|Any CPU.Build.0 = Debug|Any CPU
		{30ADF7E6-96B5-4BBF-9322-28FA0D0FBA10}.Release|Any CPU.ActiveCfg = Release|Any CPU
		{30ADF7E6-96B5-4BBF-9322-28FA0D0FBA10}.Release|Any CPU.Build.0 = Release|Any CPU
		{267A1A76-275C-46AA-B4F7-A042E97491CD}.Debug|Any CPU.ActiveCfg = Debug|Any CPU
		{267A1A76-275C-46AA-B4F7-A042E97491CD}.Debug|Any CPU.Build.0 = Debug|Any CPU
		{267A1A76-275C-46AA-B4F7-A042E97491CD}.Release|Any CPU.ActiveCfg = Release|Any CPU
		{267A1A76-275C-46AA-B4F7-A042E97491CD}.Release|Any CPU.Build.0 = Release|Any CPU
		{A34FA180-D973-45A3-9747-039D8F46E4C5}.Debug|Any CPU.ActiveCfg = Debug|Any CPU
		{A34FA180-D973-45A3-9747-039D8F46E4C5}.Debug|Any CPU.Build.0 = Debug|Any CPU
		{A34FA180-D973-45A3-9747-039D8F46E4C5}.Release|Any CPU.ActiveCfg = Release|Any CPU
		{A34FA180-D973-45A3-9747-039D8F46E4C5}.Release|Any CPU.Build.0 = Release|Any CPU
		{D3C2E8D7-E158-4B7E-A66F-1E45B1AD6AF8}.Debug|Any CPU.ActiveCfg = Debug|Any CPU
		{D3C2E8D7-E158-4B7E-A66F-1E45B1AD6AF8}.Debug|Any CPU.Build.0 = Debug|Any CPU
		{D3C2E8D7-E158-4B7E-A66F-1E45B1AD6AF8}.Release|Any CPU.ActiveCfg = Release|Any CPU
		{D3C2E8D7-E158-4B7E-A66F-1E45B1AD6AF8}.Release|Any CPU.Build.0 = Release|Any CPU
		{0D9A6ECE-17BB-48AA-8B67-60CFDEA97711}.Debug|Any CPU.ActiveCfg = Debug|Any CPU
		{0D9A6ECE-17BB-48AA-8B67-60CFDEA97711}.Debug|Any CPU.Build.0 = Debug|Any CPU
		{0D9A6ECE-17BB-48AA-8B67-60CFDEA97711}.Release|Any CPU.ActiveCfg = Release|Any CPU
		{0D9A6ECE-17BB-48AA-8B67-60CFDEA97711}.Release|Any CPU.Build.0 = Release|Any CPU
		{A44BB552-C93E-40DA-A1DB-E59956ED02A1}.Debug|Any CPU.ActiveCfg = Debug|Any CPU
		{A44BB552-C93E-40DA-A1DB-E59956ED02A1}.Debug|Any CPU.Build.0 = Debug|Any CPU
		{A44BB552-C93E-40DA-A1DB-E59956ED02A1}.Release|Any CPU.ActiveCfg = Release|Any CPU
		{A44BB552-C93E-40DA-A1DB-E59956ED02A1}.Release|Any CPU.Build.0 = Release|Any CPU
		{7F6F872C-7560-46C7-AC58-87C5E262BF3A}.Debug|Any CPU.ActiveCfg = Debug|Any CPU
		{7F6F872C-7560-46C7-AC58-87C5E262BF3A}.Debug|Any CPU.Build.0 = Debug|Any CPU
		{7F6F872C-7560-46C7-AC58-87C5E262BF3A}.Release|Any CPU.ActiveCfg = Release|Any CPU
		{7F6F872C-7560-46C7-AC58-87C5E262BF3A}.Release|Any CPU.Build.0 = Release|Any CPU
		{67C99DB9-97EF-4DA5-8869-4AD732A7C8FF}.Debug|Any CPU.ActiveCfg = Debug|Any CPU
		{67C99DB9-97EF-4DA5-8869-4AD732A7C8FF}.Debug|Any CPU.Build.0 = Debug|Any CPU
		{67C99DB9-97EF-4DA5-8869-4AD732A7C8FF}.Release|Any CPU.ActiveCfg = Release|Any CPU
		{67C99DB9-97EF-4DA5-8869-4AD732A7C8FF}.Release|Any CPU.Build.0 = Release|Any CPU
		{9710A71A-2457-48DC-AFA8-C7BA9014E0B9}.Debug|Any CPU.ActiveCfg = Debug|Any CPU
		{9710A71A-2457-48DC-AFA8-C7BA9014E0B9}.Debug|Any CPU.Build.0 = Debug|Any CPU
		{9710A71A-2457-48DC-AFA8-C7BA9014E0B9}.Release|Any CPU.ActiveCfg = Release|Any CPU
		{9710A71A-2457-48DC-AFA8-C7BA9014E0B9}.Release|Any CPU.Build.0 = Release|Any CPU
		{E370407F-03C3-4262-98A2-E974B0D09506}.Debug|Any CPU.ActiveCfg = Debug|Any CPU
		{E370407F-03C3-4262-98A2-E974B0D09506}.Debug|Any CPU.Build.0 = Debug|Any CPU
		{E370407F-03C3-4262-98A2-E974B0D09506}.Release|Any CPU.ActiveCfg = Release|Any CPU
		{E370407F-03C3-4262-98A2-E974B0D09506}.Release|Any CPU.Build.0 = Release|Any CPU
		{9A03B001-E2C3-4F9B-8DBD-48E3BCC6E25A}.Debug|Any CPU.ActiveCfg = Debug|Any CPU
		{9A03B001-E2C3-4F9B-8DBD-48E3BCC6E25A}.Debug|Any CPU.Build.0 = Debug|Any CPU
		{9A03B001-E2C3-4F9B-8DBD-48E3BCC6E25A}.Release|Any CPU.ActiveCfg = Release|Any CPU
		{9A03B001-E2C3-4F9B-8DBD-48E3BCC6E25A}.Release|Any CPU.Build.0 = Release|Any CPU
		{3AB17212-D971-4A4F-A3DA-126D83A6A34C}.Debug|Any CPU.ActiveCfg = Debug|Any CPU
		{3AB17212-D971-4A4F-A3DA-126D83A6A34C}.Debug|Any CPU.Build.0 = Debug|Any CPU
		{3AB17212-D971-4A4F-A3DA-126D83A6A34C}.Release|Any CPU.ActiveCfg = Release|Any CPU
		{3AB17212-D971-4A4F-A3DA-126D83A6A34C}.Release|Any CPU.Build.0 = Release|Any CPU
		{08E6F21C-7E05-4C9C-A888-D5C591D6BAA3}.Debug|Any CPU.ActiveCfg = Debug|Any CPU
		{08E6F21C-7E05-4C9C-A888-D5C591D6BAA3}.Debug|Any CPU.Build.0 = Debug|Any CPU
		{08E6F21C-7E05-4C9C-A888-D5C591D6BAA3}.Release|Any CPU.ActiveCfg = Release|Any CPU
		{08E6F21C-7E05-4C9C-A888-D5C591D6BAA3}.Release|Any CPU.Build.0 = Release|Any CPU
		{A3063881-76A6-4749-8ADF-25ED55BCA89D}.Debug|Any CPU.ActiveCfg = Debug|Any CPU
		{A3063881-76A6-4749-8ADF-25ED55BCA89D}.Debug|Any CPU.Build.0 = Debug|Any CPU
		{A3063881-76A6-4749-8ADF-25ED55BCA89D}.Release|Any CPU.ActiveCfg = Release|Any CPU
		{A3063881-76A6-4749-8ADF-25ED55BCA89D}.Release|Any CPU.Build.0 = Release|Any CPU
		{AED0B331-4E68-49E7-856A-23BD578B7DA7}.Debug|Any CPU.ActiveCfg = Debug|Any CPU
		{AED0B331-4E68-49E7-856A-23BD578B7DA7}.Debug|Any CPU.Build.0 = Debug|Any CPU
		{AED0B331-4E68-49E7-856A-23BD578B7DA7}.Release|Any CPU.ActiveCfg = Release|Any CPU
		{AED0B331-4E68-49E7-856A-23BD578B7DA7}.Release|Any CPU.Build.0 = Release|Any CPU
		{55F4DA66-9462-41A5-9AFE-B6B669A5647E}.Debug|Any CPU.ActiveCfg = Debug|Any CPU
		{55F4DA66-9462-41A5-9AFE-B6B669A5647E}.Debug|Any CPU.Build.0 = Debug|Any CPU
		{55F4DA66-9462-41A5-9AFE-B6B669A5647E}.Release|Any CPU.ActiveCfg = Release|Any CPU
		{55F4DA66-9462-41A5-9AFE-B6B669A5647E}.Release|Any CPU.Build.0 = Release|Any CPU
		{7E79987C-0877-46F9-AA39-114F232793DF}.Debug|Any CPU.ActiveCfg = Debug|Any CPU
		{7E79987C-0877-46F9-AA39-114F232793DF}.Debug|Any CPU.Build.0 = Debug|Any CPU
		{7E79987C-0877-46F9-AA39-114F232793DF}.Release|Any CPU.ActiveCfg = Release|Any CPU
		{7E79987C-0877-46F9-AA39-114F232793DF}.Release|Any CPU.Build.0 = Release|Any CPU
		{03F11B6E-24F6-42AF-8CA5-BE013524AD79}.Debug|Any CPU.ActiveCfg = Debug|Any CPU
		{03F11B6E-24F6-42AF-8CA5-BE013524AD79}.Debug|Any CPU.Build.0 = Debug|Any CPU
		{03F11B6E-24F6-42AF-8CA5-BE013524AD79}.Release|Any CPU.ActiveCfg = Release|Any CPU
		{03F11B6E-24F6-42AF-8CA5-BE013524AD79}.Release|Any CPU.Build.0 = Release|Any CPU
		{1CD827A4-98F8-4439-A8E5-AE36EF4F4AA0}.Debug|Any CPU.ActiveCfg = Debug|Any CPU
		{1CD827A4-98F8-4439-A8E5-AE36EF4F4AA0}.Debug|Any CPU.Build.0 = Debug|Any CPU
		{1CD827A4-98F8-4439-A8E5-AE36EF4F4AA0}.Release|Any CPU.ActiveCfg = Release|Any CPU
		{1CD827A4-98F8-4439-A8E5-AE36EF4F4AA0}.Release|Any CPU.Build.0 = Release|Any CPU
		{62747C8A-19CC-42AB-9AAC-7D8C62FB4A32}.Debug|Any CPU.ActiveCfg = Debug|Any CPU
		{62747C8A-19CC-42AB-9AAC-7D8C62FB4A32}.Debug|Any CPU.Build.0 = Debug|Any CPU
		{62747C8A-19CC-42AB-9AAC-7D8C62FB4A32}.Release|Any CPU.ActiveCfg = Release|Any CPU
		{62747C8A-19CC-42AB-9AAC-7D8C62FB4A32}.Release|Any CPU.Build.0 = Release|Any CPU
	EndGlobalSection
	GlobalSection(SolutionProperties) = preSolution
		HideSolutionNode = FALSE
	EndGlobalSection
	GlobalSection(NestedProjects) = preSolution
		{B2AD0530-6694-49B9-ACFE-9BF17218A080} = {FFB6BE87-4C6F-40E4-A1E4-4F9000CDCC1A}
		{E914AB87-645D-4D8C-9FCC-C249E399CB73} = {FFB6BE87-4C6F-40E4-A1E4-4F9000CDCC1A}
		{38000E84-9572-46F4-9A26-D5C6519B1FD4} = {B2AD0530-6694-49B9-ACFE-9BF17218A080}
		{69554F76-DCFC-460B-9B72-5CCB378BB465} = {E914AB87-645D-4D8C-9FCC-C249E399CB73}
		{B19EA272-C101-4261-B695-F2FE2073F6BC} = {E914AB87-645D-4D8C-9FCC-C249E399CB73}
		{EA2A3AF8-600E-4CC5-B524-C8245613A34E} = {E914AB87-645D-4D8C-9FCC-C249E399CB73}
		{99609FA6-832E-4230-95C8-226429D5B24C} = {E914AB87-645D-4D8C-9FCC-C249E399CB73}
		{D9FCF6BC-29EA-4032-8B6B-80084DF6D500} = {E914AB87-645D-4D8C-9FCC-C249E399CB73}
		{F2962F1E-134C-4997-A753-26C1B8A50356} = {E914AB87-645D-4D8C-9FCC-C249E399CB73}
		{651B3017-100D-4637-BD2D-419D1BB2B5B5} = {E914AB87-645D-4D8C-9FCC-C249E399CB73}
		{10C0B0F4-F258-4A69-A9CA-DC9F0229DBE5} = {E914AB87-645D-4D8C-9FCC-C249E399CB73}
		{DCF10A87-05D4-4518-87E5-989D20F05BB7} = {E914AB87-645D-4D8C-9FCC-C249E399CB73}
		{D27EDAC9-BC2D-48CB-80CB-7830565CABE1} = {DCF10A87-05D4-4518-87E5-989D20F05BB7}
		{2CCD3DDC-E7A0-4220-B8B2-479C5BCB20F2} = {EA2A3AF8-600E-4CC5-B524-C8245613A34E}
		{FD654604-5F60-4EF1-BD22-04DDFC77F96A} = {D9FCF6BC-29EA-4032-8B6B-80084DF6D500}
		{A4171CB0-9DD4-4D16-B73C-7C232B30D50C} = {F2962F1E-134C-4997-A753-26C1B8A50356}
		{B53531F8-93C9-4065-A8A3-DD20A1F8847B} = {651B3017-100D-4637-BD2D-419D1BB2B5B5}
		{2C832214-C05D-445B-AD9E-087D74686821} = {DCF10A87-05D4-4518-87E5-989D20F05BB7}
		{459EE01D-31D0-495C-AD60-4C9C958DE630} = {DCF10A87-05D4-4518-87E5-989D20F05BB7}
		{9B19B738-315E-4EAE-A0D0-A190D3FC1F82} = {DCF10A87-05D4-4518-87E5-989D20F05BB7}
		{6B6B1F1B-5D40-4F5C-AEE9-672ECE9F06CD} = {FFB6BE87-4C6F-40E4-A1E4-4F9000CDCC1A}
		{C35273D7-6863-4E9E-9527-4813BEEE959E} = {6B6B1F1B-5D40-4F5C-AEE9-672ECE9F06CD}
		{68E79832-BA3E-462D-9312-EC4952EFC0A5} = {10C0B0F4-F258-4A69-A9CA-DC9F0229DBE5}
		{581C71B3-1A53-4A62-BC92-A313BD830C98} = {10C0B0F4-F258-4A69-A9CA-DC9F0229DBE5}
		{D9BA1FC0-0F9E-487A-93CE-8032F8F8D8E1} = {10C0B0F4-F258-4A69-A9CA-DC9F0229DBE5}
		{93D00418-F0A3-4B92-A8DA-17007A0CF4EC} = {B19EA272-C101-4261-B695-F2FE2073F6BC}
		{EBF3C778-F5EE-4594-B3DF-0364F36208FF} = {B19EA272-C101-4261-B695-F2FE2073F6BC}
		{753FF5B4-EDDA-430C-96B1-C9DBE603406A} = {B19EA272-C101-4261-B695-F2FE2073F6BC}
		{F2343976-E1E8-4122-8967-78E2F68407E0} = {B19EA272-C101-4261-B695-F2FE2073F6BC}
		{233613CA-E6BB-46B2-8430-4B86777F87C8} = {69554F76-DCFC-460B-9B72-5CCB378BB465}
		{30ADF7E6-96B5-4BBF-9322-28FA0D0FBA10} = {69554F76-DCFC-460B-9B72-5CCB378BB465}
		{267A1A76-275C-46AA-B4F7-A042E97491CD} = {69554F76-DCFC-460B-9B72-5CCB378BB465}
		{A34FA180-D973-45A3-9747-039D8F46E4C5} = {69554F76-DCFC-460B-9B72-5CCB378BB465}
		{D3C2E8D7-E158-4B7E-A66F-1E45B1AD6AF8} = {EA2A3AF8-600E-4CC5-B524-C8245613A34E}
		{0D9A6ECE-17BB-48AA-8B67-60CFDEA97711} = {EA2A3AF8-600E-4CC5-B524-C8245613A34E}
		{A44BB552-C93E-40DA-A1DB-E59956ED02A1} = {EA2A3AF8-600E-4CC5-B524-C8245613A34E}
		{7F6F872C-7560-46C7-AC58-87C5E262BF3A} = {99609FA6-832E-4230-95C8-226429D5B24C}
		{67C99DB9-97EF-4DA5-8869-4AD732A7C8FF} = {99609FA6-832E-4230-95C8-226429D5B24C}
		{9710A71A-2457-48DC-AFA8-C7BA9014E0B9} = {99609FA6-832E-4230-95C8-226429D5B24C}
		{E370407F-03C3-4262-98A2-E974B0D09506} = {99609FA6-832E-4230-95C8-226429D5B24C}
		{9A03B001-E2C3-4F9B-8DBD-48E3BCC6E25A} = {D9FCF6BC-29EA-4032-8B6B-80084DF6D500}
		{3AB17212-D971-4A4F-A3DA-126D83A6A34C} = {D9FCF6BC-29EA-4032-8B6B-80084DF6D500}
		{08E6F21C-7E05-4C9C-A888-D5C591D6BAA3} = {D9FCF6BC-29EA-4032-8B6B-80084DF6D500}
		{A3063881-76A6-4749-8ADF-25ED55BCA89D} = {F2962F1E-134C-4997-A753-26C1B8A50356}
		{AED0B331-4E68-49E7-856A-23BD578B7DA7} = {F2962F1E-134C-4997-A753-26C1B8A50356}
		{55F4DA66-9462-41A5-9AFE-B6B669A5647E} = {F2962F1E-134C-4997-A753-26C1B8A50356}
		{7E79987C-0877-46F9-AA39-114F232793DF} = {651B3017-100D-4637-BD2D-419D1BB2B5B5}
		{03F11B6E-24F6-42AF-8CA5-BE013524AD79} = {651B3017-100D-4637-BD2D-419D1BB2B5B5}
		{1CD827A4-98F8-4439-A8E5-AE36EF4F4AA0} = {651B3017-100D-4637-BD2D-419D1BB2B5B5}
		{62747C8A-19CC-42AB-9AAC-7D8C62FB4A32} = {B19EA272-C101-4261-B695-F2FE2073F6BC}
	EndGlobalSection
	GlobalSection(ExtensibilityGlobals) = postSolution
		SolutionGuid = {D66FB45E-902B-4381-8FC2-BED0EBF32E74}
	EndGlobalSection
EndGlobal
